// !$*UTF8*$!
{
	archiveVersion = 1;
	classes = {
	};
	objectVersion = 77;
	objects = {

/* Begin PBXBuildFile section */
		C74A0DC82CD0A36100C8FCEA /* FirebaseAnalytics in Frameworks */ = {isa = PBXBuildFile; productRef = C74A0DC72CD0A36100C8FCEA /* FirebaseAnalytics */; };
		C74A0DCA2CD0A36100C8FCEA /* FirebaseAnalyticsOnDeviceConversion in Frameworks */ = {isa = PBXBuildFile; productRef = C74A0DC92CD0A36100C8FCEA /* FirebaseAnalyticsOnDeviceConversion */; };
		C74A0DCC2CD0A36100C8FCEA /* FirebaseAnalyticsWithoutAdIdSupport in Frameworks */ = {isa = PBXBuildFile; productRef = C74A0DCB2CD0A36100C8FCEA /* FirebaseAnalyticsWithoutAdIdSupport */; };
		C74A0DCE2CD0A36100C8FCEA /* FirebaseAppCheck in Frameworks */ = {isa = PBXBuildFile; productRef = C74A0DCD2CD0A36100C8FCEA /* FirebaseAppCheck */; };
		C74A0DD02CD0A36100C8FCEA /* FirebaseAppDistribution-Beta in Frameworks */ = {isa = PBXBuildFile; productRef = C74A0DCF2CD0A36100C8FCEA /* FirebaseAppDistribution-Beta */; };
		C74A0DD22CD0A36100C8FCEA /* FirebaseAuth in Frameworks */ = {isa = PBXBuildFile; productRef = C74A0DD12CD0A36100C8FCEA /* FirebaseAuth */; };
		C74A0DD42CD0A36100C8FCEA /* FirebaseAuthCombine-Community in Frameworks */ = {isa = PBXBuildFile; productRef = C74A0DD32CD0A36100C8FCEA /* FirebaseAuthCombine-Community */; };
		C74A0DD62CD0A36100C8FCEA /* FirebaseCore in Frameworks */ = {isa = PBXBuildFile; productRef = C74A0DD52CD0A36100C8FCEA /* FirebaseCore */; };
		C74A0DD82CD0A36100C8FCEA /* FirebaseCrashlytics in Frameworks */ = {isa = PBXBuildFile; productRef = C74A0DD72CD0A36100C8FCEA /* FirebaseCrashlytics */; };
		C74A0DDA2CD0A36100C8FCEA /* FirebaseDatabase in Frameworks */ = {isa = PBXBuildFile; productRef = C74A0DD92CD0A36100C8FCEA /* FirebaseDatabase */; };
		C74A0DDC2CD0A36100C8FCEA /* FirebaseDynamicLinks in Frameworks */ = {isa = PBXBuildFile; productRef = C74A0DDB2CD0A36100C8FCEA /* FirebaseDynamicLinks */; };
		C74A0DDE2CD0A36100C8FCEA /* FirebaseFirestore in Frameworks */ = {isa = PBXBuildFile; productRef = C74A0DDD2CD0A36100C8FCEA /* FirebaseFirestore */; };
		C74A0DE02CD0A36100C8FCEA /* FirebaseFirestoreCombine-Community in Frameworks */ = {isa = PBXBuildFile; productRef = C74A0DDF2CD0A36100C8FCEA /* FirebaseFirestoreCombine-Community */; };
		C74A0DE22CD0A36100C8FCEA /* FirebaseFunctions in Frameworks */ = {isa = PBXBuildFile; productRef = C74A0DE12CD0A36100C8FCEA /* FirebaseFunctions */; };
		C74A0DE42CD0A36100C8FCEA /* FirebaseFunctionsCombine-Community in Frameworks */ = {isa = PBXBuildFile; productRef = C74A0DE32CD0A36100C8FCEA /* FirebaseFunctionsCombine-Community */; };
		C74A0DE62CD0A36100C8FCEA /* FirebaseInAppMessaging-Beta in Frameworks */ = {isa = PBXBuildFile; productRef = C74A0DE52CD0A36100C8FCEA /* FirebaseInAppMessaging-Beta */; };
		C74A0DE82CD0A36100C8FCEA /* FirebaseInstallations in Frameworks */ = {isa = PBXBuildFile; productRef = C74A0DE72CD0A36100C8FCEA /* FirebaseInstallations */; };
		C74A0DEA2CD0A36100C8FCEA /* FirebaseMLModelDownloader in Frameworks */ = {isa = PBXBuildFile; productRef = C74A0DE92CD0A36100C8FCEA /* FirebaseMLModelDownloader */; };
		C74A0DEC2CD0A36100C8FCEA /* FirebaseMessaging in Frameworks */ = {isa = PBXBuildFile; productRef = C74A0DEB2CD0A36100C8FCEA /* FirebaseMessaging */; };
		C74A0DEE2CD0A36100C8FCEA /* FirebasePerformance in Frameworks */ = {isa = PBXBuildFile; productRef = C74A0DED2CD0A36100C8FCEA /* FirebasePerformance */; };
		C74A0DF02CD0A36100C8FCEA /* FirebaseRemoteConfig in Frameworks */ = {isa = PBXBuildFile; productRef = C74A0DEF2CD0A36100C8FCEA /* FirebaseRemoteConfig */; };
		C74A0DF22CD0A36100C8FCEA /* FirebaseStorage in Frameworks */ = {isa = PBXBuildFile; productRef = C74A0DF12CD0A36100C8FCEA /* FirebaseStorage */; };
		C74A0DF42CD0A36100C8FCEA /* FirebaseStorageCombine-Community in Frameworks */ = {isa = PBXBuildFile; productRef = C74A0DF32CD0A36100C8FCEA /* FirebaseStorageCombine-Community */; };
		C74A0DF62CD0A36100C8FCEA /* FirebaseVertexAI in Frameworks */ = {isa = PBXBuildFile; productRef = C74A0DF52CD0A36100C8FCEA /* FirebaseVertexAI */; };
/* End PBXBuildFile section */

/* Begin PBXFileReference section */
		C74A0DB52CD09ED700C8FCEA /* FBAdoptAPet.app */ = {isa = PBXFileReference; explicitFileType = wrapper.application; includeInIndex = 0; path = FBAdoptAPet.app; sourceTree = BUILT_PRODUCTS_DIR; };
/* End PBXFileReference section */

/* Begin PBXFileSystemSynchronizedRootGroup section */
		C74A0DB72CD09ED700C8FCEA /* FBAdoptAPet */ = {
			isa = PBXFileSystemSynchronizedRootGroup;
			path = FBAdoptAPet;
			sourceTree = "<group>";
		};
/* End PBXFileSystemSynchronizedRootGroup section */

/* Begin PBXFrameworksBuildPhase section */
		C74A0DB22CD09ED700C8FCEA /* Frameworks */ = {
			isa = PBXFrameworksBuildPhase;
			buildActionMask = 2147483647;
			files = (
				C74A0DE02CD0A36100C8FCEA /* FirebaseFirestoreCombine-Community in Frameworks */,
				C74A0DF62CD0A36100C8FCEA /* FirebaseVertexAI in Frameworks */,
				C74A0DE22CD0A36100C8FCEA /* FirebaseFunctions in Frameworks */,
				C74A0DEE2CD0A36100C8FCEA /* FirebasePerformance in Frameworks */,
				C74A0DF42CD0A36100C8FCEA /* FirebaseStorageCombine-Community in Frameworks */,
				C74A0DF02CD0A36100C8FCEA /* FirebaseRemoteConfig in Frameworks */,
				C74A0DDA2CD0A36100C8FCEA /* FirebaseDatabase in Frameworks */,
				C74A0DDC2CD0A36100C8FCEA /* FirebaseDynamicLinks in Frameworks */,
				C74A0DCE2CD0A36100C8FCEA /* FirebaseAppCheck in Frameworks */,
				C74A0DD22CD0A36100C8FCEA /* FirebaseAuth in Frameworks */,
				C74A0DC82CD0A36100C8FCEA /* FirebaseAnalytics in Frameworks */,
				C74A0DDE2CD0A36100C8FCEA /* FirebaseFirestore in Frameworks */,
				C74A0DEC2CD0A36100C8FCEA /* FirebaseMessaging in Frameworks */,
				C74A0DE82CD0A36100C8FCEA /* FirebaseInstallations in Frameworks */,
				C74A0DE42CD0A36100C8FCEA /* FirebaseFunctionsCombine-Community in Frameworks */,
				C74A0DD02CD0A36100C8FCEA /* FirebaseAppDistribution-Beta in Frameworks */,
				C74A0DCC2CD0A36100C8FCEA /* FirebaseAnalyticsWithoutAdIdSupport in Frameworks */,
				C74A0DE62CD0A36100C8FCEA /* FirebaseInAppMessaging-Beta in Frameworks */,
				C74A0DD42CD0A36100C8FCEA /* FirebaseAuthCombine-Community in Frameworks */,
				C74A0DD82CD0A36100C8FCEA /* FirebaseCrashlytics in Frameworks */,
				C74A0DEA2CD0A36100C8FCEA /* FirebaseMLModelDownloader in Frameworks */,
				C74A0DF22CD0A36100C8FCEA /* FirebaseStorage in Frameworks */,
				C74A0DD62CD0A36100C8FCEA /* FirebaseCore in Frameworks */,
				C74A0DCA2CD0A36100C8FCEA /* FirebaseAnalyticsOnDeviceConversion in Frameworks */,
			);
			runOnlyForDeploymentPostprocessing = 0;
		};
/* End PBXFrameworksBuildPhase section */

/* Begin PBXGroup section */
		C74A0DAC2CD09ED700C8FCEA = {
			isa = PBXGroup;
			children = (
				C74A0DB72CD09ED700C8FCEA /* FBAdoptAPet */,
				C74A0DB62CD09ED700C8FCEA /* Products */,
			);
			sourceTree = "<group>";
		};
		C74A0DB62CD09ED700C8FCEA /* Products */ = {
			isa = PBXGroup;
			children = (
				C74A0DB52CD09ED700C8FCEA /* FBAdoptAPet.app */,
			);
			name = Products;
			sourceTree = "<group>";
		};
/* End PBXGroup section */

/* Begin PBXNativeTarget section */
		C74A0DB42CD09ED700C8FCEA /* FBAdoptAPet */ = {
			isa = PBXNativeTarget;
			buildConfigurationList = C74A0DC32CD09EDB00C8FCEA /* Build configuration list for PBXNativeTarget "FBAdoptAPet" */;
			buildPhases = (
				C74A0DB12CD09ED700C8FCEA /* Sources */,
				C74A0DB22CD09ED700C8FCEA /* Frameworks */,
				C74A0DB32CD09ED700C8FCEA /* Resources */,
			);
			buildRules = (
			);
			dependencies = (
			);
			fileSystemSynchronizedGroups = (
				C74A0DB72CD09ED700C8FCEA /* FBAdoptAPet */,
			);
			name = FBAdoptAPet;
			packageProductDependencies = (
				C74A0DC72CD0A36100C8FCEA /* FirebaseAnalytics */,
				C74A0DC92CD0A36100C8FCEA /* FirebaseAnalyticsOnDeviceConversion */,
				C74A0DCB2CD0A36100C8FCEA /* FirebaseAnalyticsWithoutAdIdSupport */,
				C74A0DCD2CD0A36100C8FCEA /* FirebaseAppCheck */,
				C74A0DCF2CD0A36100C8FCEA /* FirebaseAppDistribution-Beta */,
				C74A0DD12CD0A36100C8FCEA /* FirebaseAuth */,
				C74A0DD32CD0A36100C8FCEA /* FirebaseAuthCombine-Community */,
				C74A0DD52CD0A36100C8FCEA /* FirebaseCore */,
				C74A0DD72CD0A36100C8FCEA /* FirebaseCrashlytics */,
				C74A0DD92CD0A36100C8FCEA /* FirebaseDatabase */,
				C74A0DDB2CD0A36100C8FCEA /* FirebaseDynamicLinks */,
				C74A0DDD2CD0A36100C8FCEA /* FirebaseFirestore */,
				C74A0DDF2CD0A36100C8FCEA /* FirebaseFirestoreCombine-Community */,
				C74A0DE12CD0A36100C8FCEA /* FirebaseFunctions */,
				C74A0DE32CD0A36100C8FCEA /* FirebaseFunctionsCombine-Community */,
				C74A0DE52CD0A36100C8FCEA /* FirebaseInAppMessaging-Beta */,
				C74A0DE72CD0A36100C8FCEA /* FirebaseInstallations */,
				C74A0DE92CD0A36100C8FCEA /* FirebaseMLModelDownloader */,
				C74A0DEB2CD0A36100C8FCEA /* FirebaseMessaging */,
				C74A0DED2CD0A36100C8FCEA /* FirebasePerformance */,
				C74A0DEF2CD0A36100C8FCEA /* FirebaseRemoteConfig */,
				C74A0DF12CD0A36100C8FCEA /* FirebaseStorage */,
				C74A0DF32CD0A36100C8FCEA /* FirebaseStorageCombine-Community */,
				C74A0DF52CD0A36100C8FCEA /* FirebaseVertexAI */,
			);
			productName = FBAdoptAPet;
			productReference = C74A0DB52CD09ED700C8FCEA /* FBAdoptAPet.app */;
			productType = "com.apple.product-type.application";
		};
/* End PBXNativeTarget section */

/* Begin PBXProject section */
		C74A0DAD2CD09ED700C8FCEA /* Project object */ = {
			isa = PBXProject;
			attributes = {
				BuildIndependentTargetsInParallel = 1;
				LastSwiftUpdateCheck = 1600;
				LastUpgradeCheck = 1600;
				TargetAttributes = {
					C74A0DB42CD09ED700C8FCEA = {
						CreatedOnToolsVersion = 16.0;
					};
				};
			};
			buildConfigurationList = C74A0DB02CD09ED700C8FCEA /* Build configuration list for PBXProject "FBAdoptAPet" */;
			developmentRegion = en;
			hasScannedForEncodings = 0;
			knownRegions = (
				en,
				Base,
			);
			mainGroup = C74A0DAC2CD09ED700C8FCEA;
			minimizedProjectReferenceProxies = 1;
			packageReferences = (
				C74A0DC62CD0A36100C8FCEA /* XCRemoteSwiftPackageReference "firebase-ios-sdk" */,
			);
			preferredProjectObjectVersion = 77;
			productRefGroup = C74A0DB62CD09ED700C8FCEA /* Products */;
			projectDirPath = "";
			projectRoot = "";
			targets = (
				C74A0DB42CD09ED700C8FCEA /* FBAdoptAPet */,
			);
		};
/* End PBXProject section */

/* Begin PBXResourcesBuildPhase section */
		C74A0DB32CD09ED700C8FCEA /* Resources */ = {
			isa = PBXResourcesBuildPhase;
			buildActionMask = 2147483647;
			files = (
			);
			runOnlyForDeploymentPostprocessing = 0;
		};
/* End PBXResourcesBuildPhase section */

/* Begin PBXSourcesBuildPhase section */
		C74A0DB12CD09ED700C8FCEA /* Sources */ = {
			isa = PBXSourcesBuildPhase;
			buildActionMask = 2147483647;
			files = (
			);
			runOnlyForDeploymentPostprocessing = 0;
		};
/* End PBXSourcesBuildPhase section */

/* Begin XCBuildConfiguration section */
		C74A0DC12CD09EDB00C8FCEA /* Debug */ = {
			isa = XCBuildConfiguration;
			buildSettings = {
				ALWAYS_SEARCH_USER_PATHS = NO;
				ASSETCATALOG_COMPILER_GENERATE_SWIFT_ASSET_SYMBOL_EXTENSIONS = YES;
				CLANG_ANALYZER_NONNULL = YES;
				CLANG_ANALYZER_NUMBER_OBJECT_CONVERSION = YES_AGGRESSIVE;
				CLANG_CXX_LANGUAGE_STANDARD = "gnu++20";
				CLANG_ENABLE_MODULES = YES;
				CLANG_ENABLE_OBJC_ARC = YES;
				CLANG_ENABLE_OBJC_WEAK = YES;
				CLANG_WARN_BLOCK_CAPTURE_AUTORELEASING = YES;
				CLANG_WARN_BOOL_CONVERSION = YES;
				CLANG_WARN_COMMA = YES;
				CLANG_WARN_CONSTANT_CONVERSION = YES;
				CLANG_WARN_DEPRECATED_OBJC_IMPLEMENTATIONS = YES;
				CLANG_WARN_DIRECT_OBJC_ISA_USAGE = YES_ERROR;
				CLANG_WARN_DOCUMENTATION_COMMENTS = YES;
				CLANG_WARN_EMPTY_BODY = YES;
				CLANG_WARN_ENUM_CONVERSION = YES;
				CLANG_WARN_INFINITE_RECURSION = YES;
				CLANG_WARN_INT_CONVERSION = YES;
				CLANG_WARN_NON_LITERAL_NULL_CONVERSION = YES;
				CLANG_WARN_OBJC_IMPLICIT_RETAIN_SELF = YES;
				CLANG_WARN_OBJC_LITERAL_CONVERSION = YES;
				CLANG_WARN_OBJC_ROOT_CLASS = YES_ERROR;
				CLANG_WARN_QUOTED_INCLUDE_IN_FRAMEWORK_HEADER = YES;
				CLANG_WARN_RANGE_LOOP_ANALYSIS = YES;
				CLANG_WARN_STRICT_PROTOTYPES = YES;
				CLANG_WARN_SUSPICIOUS_MOVE = YES;
				CLANG_WARN_UNGUARDED_AVAILABILITY = YES_AGGRESSIVE;
				CLANG_WARN_UNREACHABLE_CODE = YES;
				CLANG_WARN__DUPLICATE_METHOD_MATCH = YES;
				COPY_PHASE_STRIP = NO;
				DEBUG_INFORMATION_FORMAT = dwarf;
				ENABLE_STRICT_OBJC_MSGSEND = YES;
				ENABLE_TESTABILITY = YES;
				ENABLE_USER_SCRIPT_SANDBOXING = YES;
				GCC_C_LANGUAGE_STANDARD = gnu17;
				GCC_DYNAMIC_NO_PIC = NO;
				GCC_NO_COMMON_BLOCKS = YES;
				GCC_OPTIMIZATION_LEVEL = 0;
				GCC_PREPROCESSOR_DEFINITIONS = (
					"DEBUG=1",
					"$(inherited)",
				);
				GCC_WARN_64_TO_32_BIT_CONVERSION = YES;
				GCC_WARN_ABOUT_RETURN_TYPE = YES_ERROR;
				GCC_WARN_UNDECLARED_SELECTOR = YES;
				GCC_WARN_UNINITIALIZED_AUTOS = YES_AGGRESSIVE;
				GCC_WARN_UNUSED_FUNCTION = YES;
				GCC_WARN_UNUSED_VARIABLE = YES;
				IPHONEOS_DEPLOYMENT_TARGET = 18.0;
				LOCALIZATION_PREFERS_STRING_CATALOGS = YES;
				MTL_ENABLE_DEBUG_INFO = INCLUDE_SOURCE;
				MTL_FAST_MATH = YES;
				ONLY_ACTIVE_ARCH = YES;
				SDKROOT = iphoneos;
				SWIFT_ACTIVE_COMPILATION_CONDITIONS = "DEBUG $(inherited)";
				SWIFT_OPTIMIZATION_LEVEL = "-Onone";
			};
			name = Debug;
		};
		C74A0DC22CD09EDB00C8FCEA /* Release */ = {
			isa = XCBuildConfiguration;
			buildSettings = {
				ALWAYS_SEARCH_USER_PATHS = NO;
				ASSETCATALOG_COMPILER_GENERATE_SWIFT_ASSET_SYMBOL_EXTENSIONS = YES;
				CLANG_ANALYZER_NONNULL = YES;
				CLANG_ANALYZER_NUMBER_OBJECT_CONVERSION = YES_AGGRESSIVE;
				CLANG_CXX_LANGUAGE_STANDARD = "gnu++20";
				CLANG_ENABLE_MODULES = YES;
				CLANG_ENABLE_OBJC_ARC = YES;
				CLANG_ENABLE_OBJC_WEAK = YES;
				CLANG_WARN_BLOCK_CAPTURE_AUTORELEASING = YES;
				CLANG_WARN_BOOL_CONVERSION = YES;
				CLANG_WARN_COMMA = YES;
				CLANG_WARN_CONSTANT_CONVERSION = YES;
				CLANG_WARN_DEPRECATED_OBJC_IMPLEMENTATIONS = YES;
				CLANG_WARN_DIRECT_OBJC_ISA_USAGE = YES_ERROR;
				CLANG_WARN_DOCUMENTATION_COMMENTS = YES;
				CLANG_WARN_EMPTY_BODY = YES;
				CLANG_WARN_ENUM_CONVERSION = YES;
				CLANG_WARN_INFINITE_RECURSION = YES;
				CLANG_WARN_INT_CONVERSION = YES;
				CLANG_WARN_NON_LITERAL_NULL_CONVERSION = YES;
				CLANG_WARN_OBJC_IMPLICIT_RETAIN_SELF = YES;
				CLANG_WARN_OBJC_LITERAL_CONVERSION = YES;
				CLANG_WARN_OBJC_ROOT_CLASS = YES_ERROR;
				CLANG_WARN_QUOTED_INCLUDE_IN_FRAMEWORK_HEADER = YES;
				CLANG_WARN_RANGE_LOOP_ANALYSIS = YES;
				CLANG_WARN_STRICT_PROTOTYPES = YES;
				CLANG_WARN_SUSPICIOUS_MOVE = YES;
				CLANG_WARN_UNGUARDED_AVAILABILITY = YES_AGGRESSIVE;
				CLANG_WARN_UNREACHABLE_CODE = YES;
				CLANG_WARN__DUPLICATE_METHOD_MATCH = YES;
				COPY_PHASE_STRIP = NO;
				DEBUG_INFORMATION_FORMAT = "dwarf-with-dsym";
				ENABLE_NS_ASSERTIONS = NO;
				ENABLE_STRICT_OBJC_MSGSEND = YES;
				ENABLE_USER_SCRIPT_SANDBOXING = YES;
				GCC_C_LANGUAGE_STANDARD = gnu17;
				GCC_NO_COMMON_BLOCKS = YES;
				GCC_WARN_64_TO_32_BIT_CONVERSION = YES;
				GCC_WARN_ABOUT_RETURN_TYPE = YES_ERROR;
				GCC_WARN_UNDECLARED_SELECTOR = YES;
				GCC_WARN_UNINITIALIZED_AUTOS = YES_AGGRESSIVE;
				GCC_WARN_UNUSED_FUNCTION = YES;
				GCC_WARN_UNUSED_VARIABLE = YES;
				IPHONEOS_DEPLOYMENT_TARGET = 18.0;
				LOCALIZATION_PREFERS_STRING_CATALOGS = YES;
				MTL_ENABLE_DEBUG_INFO = NO;
				MTL_FAST_MATH = YES;
				SDKROOT = iphoneos;
				SWIFT_COMPILATION_MODE = wholemodule;
				VALIDATE_PRODUCT = YES;
			};
			name = Release;
		};
		C74A0DC42CD09EDB00C8FCEA /* Debug */ = {
			isa = XCBuildConfiguration;
			buildSettings = {
				ASSETCATALOG_COMPILER_APPICON_NAME = AppIcon;
				ASSETCATALOG_COMPILER_GLOBAL_ACCENT_COLOR_NAME = AccentColor;
				CODE_SIGN_STYLE = Automatic;
				CURRENT_PROJECT_VERSION = 1;
				DEVELOPMENT_ASSET_PATHS = "\"FBAdoptAPet/Preview Content\"";
				ENABLE_PREVIEWS = YES;
				GENERATE_INFOPLIST_FILE = YES;
				INFOPLIST_KEY_UIApplicationSceneManifest_Generation = YES;
				INFOPLIST_KEY_UIApplicationSupportsIndirectInputEvents = YES;
				INFOPLIST_KEY_UILaunchScreen_Generation = YES;
				INFOPLIST_KEY_UISupportedInterfaceOrientations_iPad = "UIInterfaceOrientationPortrait UIInterfaceOrientationPortraitUpsideDown UIInterfaceOrientationLandscapeLeft UIInterfaceOrientationLandscapeRight";
				INFOPLIST_KEY_UISupportedInterfaceOrientations_iPhone = "UIInterfaceOrientationPortrait UIInterfaceOrientationLandscapeLeft UIInterfaceOrientationLandscapeRight";
				LD_RUNPATH_SEARCH_PATHS = (
					"$(inherited)",
					"@executable_path/Frameworks",
				);
				MARKETING_VERSION = 1.0;
				PRODUCT_BUNDLE_IDENTIFIER = me.FBAdoptAPet;
				PRODUCT_NAME = "$(TARGET_NAME)";
				SWIFT_EMIT_LOC_STRINGS = YES;
				SWIFT_VERSION = 5.0;
				TARGETED_DEVICE_FAMILY = "1,2";
			};
			name = Debug;
		};
		C74A0DC52CD09EDB00C8FCEA /* Release */ = {
			isa = XCBuildConfiguration;
			buildSettings = {
				ASSETCATALOG_COMPILER_APPICON_NAME = AppIcon;
				ASSETCATALOG_COMPILER_GLOBAL_ACCENT_COLOR_NAME = AccentColor;
				CODE_SIGN_STYLE = Automatic;
				CURRENT_PROJECT_VERSION = 1;
				DEVELOPMENT_ASSET_PATHS = "\"FBAdoptAPet/Preview Content\"";
				ENABLE_PREVIEWS = YES;
				GENERATE_INFOPLIST_FILE = YES;
				INFOPLIST_KEY_UIApplicationSceneManifest_Generation = YES;
				INFOPLIST_KEY_UIApplicationSupportsIndirectInputEvents = YES;
				INFOPLIST_KEY_UILaunchScreen_Generation = YES;
				INFOPLIST_KEY_UISupportedInterfaceOrientations_iPad = "UIInterfaceOrientationPortrait UIInterfaceOrientationPortraitUpsideDown UIInterfaceOrientationLandscapeLeft UIInterfaceOrientationLandscapeRight";
				INFOPLIST_KEY_UISupportedInterfaceOrientations_iPhone = "UIInterfaceOrientationPortrait UIInterfaceOrientationLandscapeLeft UIInterfaceOrientationLandscapeRight";
				LD_RUNPATH_SEARCH_PATHS = (
					"$(inherited)",
					"@executable_path/Frameworks",
				);
				MARKETING_VERSION = 1.0;
				PRODUCT_BUNDLE_IDENTIFIER = me.FBAdoptAPet;
				PRODUCT_NAME = "$(TARGET_NAME)";
				SWIFT_EMIT_LOC_STRINGS = YES;
				SWIFT_VERSION = 5.0;
				TARGETED_DEVICE_FAMILY = "1,2";
			};
			name = Release;
		};
/* End XCBuildConfiguration section */

/* Begin XCConfigurationList section */
		C74A0DB02CD09ED700C8FCEA /* Build configuration list for PBXProject "FBAdoptAPet" */ = {
			isa = XCConfigurationList;
			buildConfigurations = (
				C74A0DC12CD09EDB00C8FCEA /* Debug */,
				C74A0DC22CD09EDB00C8FCEA /* Release */,
			);
			defaultConfigurationIsVisible = 0;
			defaultConfigurationName = Release;
		};
		C74A0DC32CD09EDB00C8FCEA /* Build configuration list for PBXNativeTarget "FBAdoptAPet" */ = {
			isa = XCConfigurationList;
			buildConfigurations = (
				C74A0DC42CD09EDB00C8FCEA /* Debug */,
				C74A0DC52CD09EDB00C8FCEA /* Release */,
			);
			defaultConfigurationIsVisible = 0;
			defaultConfigurationName = Release;
		};
/* End XCConfigurationList section */

/* Begin XCRemoteSwiftPackageReference section */
		C74A0DC62CD0A36100C8FCEA /* XCRemoteSwiftPackageReference "firebase-ios-sdk" */ = {
			isa = XCRemoteSwiftPackageReference;
			repositoryURL = "https://github.com/firebase/firebase-ios-sdk.git";
			requirement = {
				kind = upToNextMajorVersion;
				minimumVersion = 11.4.0;
			};
		};
/* End XCRemoteSwiftPackageReference section */

/* Begin XCSwiftPackageProductDependency section */
		C74A0DC72CD0A36100C8FCEA /* FirebaseAnalytics */ = {
			isa = XCSwiftPackageProductDependency;
			package = C74A0DC62CD0A36100C8FCEA /* XCRemoteSwiftPackageReference "firebase-ios-sdk" */;
			productName = FirebaseAnalytics;
		};
		C74A0DC92CD0A36100C8FCEA /* FirebaseAnalyticsOnDeviceConversion */ = {
			isa = XCSwiftPackageProductDependency;
			package = C74A0DC62CD0A36100C8FCEA /* XCRemoteSwiftPackageReference "firebase-ios-sdk" */;
			productName = FirebaseAnalyticsOnDeviceConversion;
		};
		C74A0DCB2CD0A36100C8FCEA /* FirebaseAnalyticsWithoutAdIdSupport */ = {
			isa = XCSwiftPackageProductDependency;
			package = C74A0DC62CD0A36100C8FCEA /* XCRemoteSwiftPackageReference "firebase-ios-sdk" */;
			productName = FirebaseAnalyticsWithoutAdIdSupport;
		};
		C74A0DCD2CD0A36100C8FCEA /* FirebaseAppCheck */ = {
			isa = XCSwiftPackageProductDependency;
			package = C74A0DC62CD0A36100C8FCEA /* XCRemoteSwiftPackageReference "firebase-ios-sdk" */;
			productName = FirebaseAppCheck;
		};
		C74A0DCF2CD0A36100C8FCEA /* FirebaseAppDistribution-Beta */ = {
			isa = XCSwiftPackageProductDependency;
			package = C74A0DC62CD0A36100C8FCEA /* XCRemoteSwiftPackageReference "firebase-ios-sdk" */;
			productName = "FirebaseAppDistribution-Beta";
		};
		C74A0DD12CD0A36100C8FCEA /* FirebaseAuth */ = {
			isa = XCSwiftPackageProductDependency;
			package = C74A0DC62CD0A36100C8FCEA /* XCRemoteSwiftPackageReference "firebase-ios-sdk" */;
			productName = FirebaseAuth;
		};
		C74A0DD32CD0A36100C8FCEA /* FirebaseAuthCombine-Community */ = {
			isa = XCSwiftPackageProductDependency;
			package = C74A0DC62CD0A36100C8FCEA /* XCRemoteSwiftPackageReference "firebase-ios-sdk" */;
			productName = "FirebaseAuthCombine-Community";
		};
		C74A0DD52CD0A36100C8FCEA /* FirebaseCore */ = {
			isa = XCSwiftPackageProductDependency;
			package = C74A0DC62CD0A36100C8FCEA /* XCRemoteSwiftPackageReference "firebase-ios-sdk" */;
			productName = FirebaseCore;
		};
		C74A0DD72CD0A36100C8FCEA /* FirebaseCrashlytics */ = {
			isa = XCSwiftPackageProductDependency;
			package = C74A0DC62CD0A36100C8FCEA /* XCRemoteSwiftPackageReference "firebase-ios-sdk" */;
			productName = FirebaseCrashlytics;
		};
		C74A0DD92CD0A36100C8FCEA /* FirebaseDatabase */ = {
			isa = XCSwiftPackageProductDependency;
			package = C74A0DC62CD0A36100C8FCEA /* XCRemoteSwiftPackageReference "firebase-ios-sdk" */;
			productName = FirebaseDatabase;
		};
		C74A0DDB2CD0A36100C8FCEA /* FirebaseDynamicLinks */ = {
			isa = XCSwiftPackageProductDependency;
			package = C74A0DC62CD0A36100C8FCEA /* XCRemoteSwiftPackageReference "firebase-ios-sdk" */;
			productName = FirebaseDynamicLinks;
		};
		C74A0DDD2CD0A36100C8FCEA /* FirebaseFirestore */ = {
			isa = XCSwiftPackageProductDependency;
			package = C74A0DC62CD0A36100C8FCEA /* XCRemoteSwiftPackageReference "firebase-ios-sdk" */;
			productName = FirebaseFirestore;
		};
		C74A0DDF2CD0A36100C8FCEA /* FirebaseFirestoreCombine-Community */ = {
			isa = XCSwiftPackageProductDependency;
			package = C74A0DC62CD0A36100C8FCEA /* XCRemoteSwiftPackageReference "firebase-ios-sdk" */;
			productName = "FirebaseFirestoreCombine-Community";
		};
		C74A0DE12CD0A36100C8FCEA /* FirebaseFunctions */ = {
			isa = XCSwiftPackageProductDependency;
			package = C74A0DC62CD0A36100C8FCEA /* XCRemoteSwiftPackageReference "firebase-ios-sdk" */;
			productName = FirebaseFunctions;
		};
		C74A0DE32CD0A36100C8FCEA /* FirebaseFunctionsCombine-Community */ = {
			isa = XCSwiftPackageProductDependency;
			package = C74A0DC62CD0A36100C8FCEA /* XCRemoteSwiftPackageReference "firebase-ios-sdk" */;
			productName = "FirebaseFunctionsCombine-Community";
		};
		C74A0DE52CD0A36100C8FCEA /* FirebaseInAppMessaging-Beta */ = {
			isa = XCSwiftPackageProductDependency;
			package = C74A0DC62CD0A36100C8FCEA /* XCRemoteSwiftPackageReference "firebase-ios-sdk" */;
			productName = "FirebaseInAppMessaging-Beta";
		};
		C74A0DE72CD0A36100C8FCEA /* FirebaseInstallations */ = {
			isa = XCSwiftPackageProductDependency;
			package = C74A0DC62CD0A36100C8FCEA /* XCRemoteSwiftPackageReference "firebase-ios-sdk" */;
			productName = FirebaseInstallations;
		};
		C74A0DE92CD0A36100C8FCEA /* FirebaseMLModelDownloader */ = {
			isa = XCSwiftPackageProductDependency;
			package = C74A0DC62CD0A36100C8FCEA /* XCRemoteSwiftPackageReference "firebase-ios-sdk" */;
			productName = FirebaseMLModelDownloader;
		};
		C74A0DEB2CD0A36100C8FCEA /* FirebaseMessaging */ = {
			isa = XCSwiftPackageProductDependency;
			package = C74A0DC62CD0A36100C8FCEA /* XCRemoteSwiftPackageReference "firebase-ios-sdk" */;
			productName = FirebaseMessaging;
		};
		C74A0DED2CD0A36100C8FCEA /* FirebasePerformance */ = {
			isa = XCSwiftPackageProductDependency;
			package = C74A0DC62CD0A36100C8FCEA /* XCRemoteSwiftPackageReference "firebase-ios-sdk" */;
			productName = FirebasePerformance;
		};
		C74A0DEF2CD0A36100C8FCEA /* FirebaseRemoteConfig */ = {
			isa = XCSwiftPackageProductDependency;
			package = C74A0DC62CD0A36100C8FCEA /* XCRemoteSwiftPackageReference "firebase-ios-sdk" */;
			productName = FirebaseRemoteConfig;
		};
		C74A0DF12CD0A36100C8FCEA /* FirebaseStorage */ = {
			isa = XCSwiftPackageProductDependency;
			package = C74A0DC62CD0A36100C8FCEA /* XCRemoteSwiftPackageReference "firebase-ios-sdk" */;
			productName = FirebaseStorage;
		};
		C74A0DF32CD0A36100C8FCEA /* FirebaseStorageCombine-Community */ = {
			isa = XCSwiftPackageProductDependency;
			package = C74A0DC62CD0A36100C8FCEA /* XCRemoteSwiftPackageReference "firebase-ios-sdk" */;
			productName = "FirebaseStorageCombine-Community";
		};
		C74A0DF52CD0A36100C8FCEA /* FirebaseVertexAI */ = {
			isa = XCSwiftPackageProductDependency;
			package = C74A0DC62CD0A36100C8FCEA /* XCRemoteSwiftPackageReference "firebase-ios-sdk" */;
			productName = FirebaseVertexAI;
		};
/* End XCSwiftPackageProductDependency section */
	};
	rootObject = C74A0DAD2CD09ED700C8FCEA /* Project object */;
}
